// !$*UTF8*$!
{
	archiveVersion = 1;
	classes = {
	};
	objectVersion = 48;
	objects = {

/* Begin PBXBuildFile section */
		1521D989DF06D5563969B841 /* Pods_VKApp.framework in Frameworks */ = {isa = PBXBuildFile; fileRef = 9B1C687555B7E5D5E9BEB6AB /* Pods_VKApp.framework */; };
		2550E970E3ED681B6A129C5E /* Pods_VKAppTests.framework in Frameworks */ = {isa = PBXBuildFile; fileRef = 20197F795558ED95517E3406 /* Pods_VKAppTests.framework */; };
		BB159E45205686D500D4B114 /* GetFriends.swift in Sources */ = {isa = PBXBuildFile; fileRef = BB159E44205686D500D4B114 /* GetFriends.swift */; };
		BB159E47205686E400D4B114 /* GetGroups.swift in Sources */ = {isa = PBXBuildFile; fileRef = BB159E46205686E400D4B114 /* GetGroups.swift */; };
		BB159E49205686F200D4B114 /* GetUserPhoto.swift in Sources */ = {isa = PBXBuildFile; fileRef = BB159E48205686F200D4B114 /* GetUserPhoto.swift */; };
		BB159E4C20584F6B00D4B114 /* VKGroups.swift in Sources */ = {isa = PBXBuildFile; fileRef = BB159E4B20584F6B00D4B114 /* VKGroups.swift */; };
		BB160FC02174B18400007879 /* Constant.swift in Sources */ = {isa = PBXBuildFile; fileRef = BB160FBF2174B18400007879 /* Constant.swift */; };
		BB31CEE2201E2843000AE5D2 /* AppDelegate.swift in Sources */ = {isa = PBXBuildFile; fileRef = BB31CEE1201E2843000AE5D2 /* AppDelegate.swift */; };
		BB31CEE7201E2843000AE5D2 /* Main.storyboard in Resources */ = {isa = PBXBuildFile; fileRef = BB31CEE5201E2843000AE5D2 /* Main.storyboard */; };
		BB31CEE9201E2843000AE5D2 /* Assets.xcassets in Resources */ = {isa = PBXBuildFile; fileRef = BB31CEE8201E2843000AE5D2 /* Assets.xcassets */; };
		BB31CEEC201E2843000AE5D2 /* LaunchScreen.storyboard in Resources */ = {isa = PBXBuildFile; fileRef = BB31CEEA201E2843000AE5D2 /* LaunchScreen.storyboard */; };
		BB31CEF7201E2843000AE5D2 /* VKAppTests.swift in Sources */ = {isa = PBXBuildFile; fileRef = BB31CEF6201E2843000AE5D2 /* VKAppTests.swift */; };
		BB31CF02201E2844000AE5D2 /* VKAppUITests.swift in Sources */ = {isa = PBXBuildFile; fileRef = BB31CF01201E2844000AE5D2 /* VKAppUITests.swift */; };
		BB31CF10201E2AD9000AE5D2 /* AuthorizationViewController.swift in Sources */ = {isa = PBXBuildFile; fileRef = BB31CF0F201E2AD9000AE5D2 /* AuthorizationViewController.swift */; };
		BB31CF13201E2F41000AE5D2 /* MyFriendsTableViewController.swift in Sources */ = {isa = PBXBuildFile; fileRef = BB31CF12201E2F41000AE5D2 /* MyFriendsTableViewController.swift */; };
		BB31CF15201E2F50000AE5D2 /* MyFriendsTableViewCell.swift in Sources */ = {isa = PBXBuildFile; fileRef = BB31CF14201E2F50000AE5D2 /* MyFriendsTableViewCell.swift */; };
		BB31CF18201E2F89000AE5D2 /* MyGroupsTableViewController.swift in Sources */ = {isa = PBXBuildFile; fileRef = BB31CF17201E2F89000AE5D2 /* MyGroupsTableViewController.swift */; };
		BB31CF1A201E2F95000AE5D2 /* MyGroupsTableViewCell.swift in Sources */ = {isa = PBXBuildFile; fileRef = BB31CF19201E2F95000AE5D2 /* MyGroupsTableViewCell.swift */; };
		BB31CF1D201E300D000AE5D2 /* AllGroupsTableViewCell.swift in Sources */ = {isa = PBXBuildFile; fileRef = BB31CF1C201E300D000AE5D2 /* AllGroupsTableViewCell.swift */; };
		BB31CF1F201E301F000AE5D2 /* AllGroupsTableViewController.swift in Sources */ = {isa = PBXBuildFile; fileRef = BB31CF1E201E301F000AE5D2 /* AllGroupsTableViewController.swift */; };
		BB41BCAC207B788A009E971D /* GetFrameNews.swift in Sources */ = {isa = PBXBuildFile; fileRef = BB41BCAB207B788A009E971D /* GetFrameNews.swift */; };
		BB462B0E2084C1E0006840FF /* GoogleService-Info.plist in Resources */ = {isa = PBXBuildFile; fileRef = BB462B0D2084C1E0006840FF /* GoogleService-Info.plist */; };
		BB462B102084DD36006840FF /* FBUserAddGroup.swift in Sources */ = {isa = PBXBuildFile; fileRef = BB462B0F2084DD36006840FF /* FBUserAddGroup.swift */; };
		BB58418A2152F7C400C1E228 /* BannerAds.swift in Sources */ = {isa = PBXBuildFile; fileRef = BB5841892152F7C400C1E228 /* BannerAds.swift */; };
		BB633DE020682E0300740E09 /* NewsTableViewController.swift in Sources */ = {isa = PBXBuildFile; fileRef = BB633DDF20682E0300740E09 /* NewsTableViewController.swift */; };
		BB633DE220682EF000740E09 /* NewsTableViewCell.swift in Sources */ = {isa = PBXBuildFile; fileRef = BB633DE120682EF000740E09 /* NewsTableViewCell.swift */; };
		BB7089F02166CB32002644EE /* VKPost.swift in Sources */ = {isa = PBXBuildFile; fileRef = BB7089EF2166CB32002644EE /* VKPost.swift */; };
		BB784AAF207AB235008F00DB /* GetFrameBasic.swift in Sources */ = {isa = PBXBuildFile; fileRef = BB784AAE207AB235008F00DB /* GetFrameBasic.swift */; };
		BB7AB0522058744C003CDAED /* VKFriends.swift in Sources */ = {isa = PBXBuildFile; fileRef = BB7AB0512058744C003CDAED /* VKFriends.swift */; };
		BB7AB054205874B4003CDAED /* VKUserPhoto.swift in Sources */ = {isa = PBXBuildFile; fileRef = BB7AB053205874B4003CDAED /* VKUserPhoto.swift */; };
		BB7E36E7216567FA00BEFF5B /* GetNews.swift in Sources */ = {isa = PBXBuildFile; fileRef = BB7E36E6216567FA00BEFF5B /* GetNews.swift */; };
		BB852A072045FB0F003C419C /* UserViewController.swift in Sources */ = {isa = PBXBuildFile; fileRef = BB852A062045FB0F003C419C /* UserViewController.swift */; };
		BB875CCB20A88DC900DCFAA7 /* PostViewController.swift in Sources */ = {isa = PBXBuildFile; fileRef = BB875CCA20A88DC900DCFAA7 /* PostViewController.swift */; };
		BB875CCD20A88DF300DCFAA7 /* MapViewController.swift in Sources */ = {isa = PBXBuildFile; fileRef = BB875CCC20A88DF300DCFAA7 /* MapViewController.swift */; };
		BB882985207122600004319C /* New.swift in Sources */ = {isa = PBXBuildFile; fileRef = BB882984207122600004319C /* New.swift */; };
		BB882992207185FF0004319C /* VKNews.swift in Sources */ = {isa = PBXBuildFile; fileRef = BB882991207185FF0004319C /* VKNews.swift */; };
		BB8D9A1A2083BC7500918D26 /* GroupFilter.swift in Sources */ = {isa = PBXBuildFile; fileRef = BB8D9A192083BC7500918D26 /* GroupFilter.swift */; };
		BB9B4BF8218DCA9E0036A7A9 /* GetData.swift in Sources */ = {isa = PBXBuildFile; fileRef = BB9B4BF7218DCA9E0036A7A9 /* GetData.swift */; };
		BBBEE2D821677F6C00ADAB4A /* SendPost.swift in Sources */ = {isa = PBXBuildFile; fileRef = BBBEE2D721677F6C00ADAB4A /* SendPost.swift */; };
		BBCCC7F72083CEBB00D2049D /* VKAllGroups.swift in Sources */ = {isa = PBXBuildFile; fileRef = BBCCC7F62083CEBB00D2049D /* VKAllGroups.swift */; };
		BBCCC7F92083D7B200D2049D /* AddGroup.swift in Sources */ = {isa = PBXBuildFile; fileRef = BBCCC7F82083D7B200D2049D /* AddGroup.swift */; };
		BBCCC7FB2083DA6F00D2049D /* VKAddGroup.swift in Sources */ = {isa = PBXBuildFile; fileRef = BBCCC7FA2083DA6F00D2049D /* VKAddGroup.swift */; };
		BBD83EB920ACB6200015014F /* GetRequestFriendship.swift in Sources */ = {isa = PBXBuildFile; fileRef = BBD83EB820ACB6200015014F /* GetRequestFriendship.swift */; };
		BBD83EBB20ACBABA0015014F /* VKRequestFriendship.swift in Sources */ = {isa = PBXBuildFile; fileRef = BBD83EBA20ACBABA0015014F /* VKRequestFriendship.swift */; };
		BBDB1CAB20824E2400EB0F0B /* GetAllGroups.swift in Sources */ = {isa = PBXBuildFile; fileRef = BBDB1CAA20824E2400EB0F0B /* GetAllGroups.swift */; };
		BBED80F0202502BC004D7BBB /* User.swift in Sources */ = {isa = PBXBuildFile; fileRef = BBED80EF202502BC004D7BBB /* User.swift */; };
		BBED80F2202502D1004D7BBB /* Photo.swift in Sources */ = {isa = PBXBuildFile; fileRef = BBED80F1202502D1004D7BBB /* Photo.swift */; };
		BBED80F4202502DF004D7BBB /* Group.swift in Sources */ = {isa = PBXBuildFile; fileRef = BBED80F3202502DF004D7BBB /* Group.swift */; };
		C330D75D22272C7A00470540 /* AuthorizationVC.storyboard in Resources */ = {isa = PBXBuildFile; fileRef = C330D75C22272C7A00470540 /* AuthorizationVC.storyboard */; };
		C330D75F22272F6900470540 /* AuthorizationVC.swift in Sources */ = {isa = PBXBuildFile; fileRef = C330D75E22272F6900470540 /* AuthorizationVC.swift */; };
		C330D762222738A800470540 /* OSLog.swift in Sources */ = {isa = PBXBuildFile; fileRef = C330D761222738A800470540 /* OSLog.swift */; };
		C330D764222744CE00470540 /* TabBarController.swift in Sources */ = {isa = PBXBuildFile; fileRef = C330D763222744CE00470540 /* TabBarController.swift */; };
		C3B2113B2225D32000922463 /* AppError.swift in Sources */ = {isa = PBXBuildFile; fileRef = C3B2113A2225D32000922463 /* AppError.swift */; };
		C3B2113D2225D32B00922463 /* ErrorParser.swift in Sources */ = {isa = PBXBuildFile; fileRef = C3B2113C2225D32B00922463 /* ErrorParser.swift */; };
		C3B2113F2225D33700922463 /* NetworkService.swift in Sources */ = {isa = PBXBuildFile; fileRef = C3B2113E2225D33700922463 /* NetworkService.swift */; };
		C3B211412225D34300922463 /* RequestRouter.swift in Sources */ = {isa = PBXBuildFile; fileRef = C3B211402225D34300922463 /* RequestRouter.swift */; };
		C3B211442225EF6B00922463 /* Configuration.swift in Sources */ = {isa = PBXBuildFile; fileRef = C3B211432225EF6B00922463 /* Configuration.swift */; };
		D2D795F3CBA98BD97657DB68 /* Pods_VKAppUITests.framework in Frameworks */ = {isa = PBXBuildFile; fileRef = 93546A4CFA8614142CAF359D /* Pods_VKAppUITests.framework */; };
/* End PBXBuildFile section */

/* Begin PBXContainerItemProxy section */
		BB31CEF3201E2843000AE5D2 /* PBXContainerItemProxy */ = {
			isa = PBXContainerItemProxy;
			containerPortal = BB31CED6201E2843000AE5D2 /* Project object */;
			proxyType = 1;
			remoteGlobalIDString = BB31CEDD201E2843000AE5D2;
			remoteInfo = VKApp;
		};
		BB31CEFE201E2844000AE5D2 /* PBXContainerItemProxy */ = {
			isa = PBXContainerItemProxy;
			containerPortal = BB31CED6201E2843000AE5D2 /* Project object */;
			proxyType = 1;
			remoteGlobalIDString = BB31CEDD201E2843000AE5D2;
			remoteInfo = VKApp;
		};
/* End PBXContainerItemProxy section */

/* Begin PBXCopyFilesBuildPhase section */
		BB3FEE2820B9B12300F28577 /* Embed App Extensions */ = {
			isa = PBXCopyFilesBuildPhase;
			buildActionMask = 2147483647;
			dstPath = "";
			dstSubfolderSpec = 13;
			files = (
			);
			name = "Embed App Extensions";
			runOnlyForDeploymentPostprocessing = 0;
		};
		BB62415420C40FBB00CA5527 /* Embed Watch Content */ = {
			isa = PBXCopyFilesBuildPhase;
			buildActionMask = 2147483647;
			dstPath = "$(CONTENTS_FOLDER_PATH)/Watch";
			dstSubfolderSpec = 16;
			files = (
			);
			name = "Embed Watch Content";
			runOnlyForDeploymentPostprocessing = 0;
		};
/* End PBXCopyFilesBuildPhase section */

/* Begin PBXFileReference section */
		1E4E18BF57148E4E7C73983D /* Pods-VKAppUITests.release.xcconfig */ = {isa = PBXFileReference; includeInIndex = 1; lastKnownFileType = text.xcconfig; name = "Pods-VKAppUITests.release.xcconfig"; path = "Pods/Target Support Files/Pods-VKAppUITests/Pods-VKAppUITests.release.xcconfig"; sourceTree = "<group>"; };
		20197F795558ED95517E3406 /* Pods_VKAppTests.framework */ = {isa = PBXFileReference; explicitFileType = wrapper.framework; includeInIndex = 0; path = Pods_VKAppTests.framework; sourceTree = BUILT_PRODUCTS_DIR; };
		34B700C6D0B8DBD6E487FAF3 /* Pods-VKApp.release.xcconfig */ = {isa = PBXFileReference; includeInIndex = 1; lastKnownFileType = text.xcconfig; name = "Pods-VKApp.release.xcconfig"; path = "Pods/Target Support Files/Pods-VKApp/Pods-VKApp.release.xcconfig"; sourceTree = "<group>"; };
		4FF52C960FEA9CCE2250A2AB /* Pods-VKAppTests.debug.xcconfig */ = {isa = PBXFileReference; includeInIndex = 1; lastKnownFileType = text.xcconfig; name = "Pods-VKAppTests.debug.xcconfig"; path = "Pods/Target Support Files/Pods-VKAppTests/Pods-VKAppTests.debug.xcconfig"; sourceTree = "<group>"; };
		72958ED180387CB5531573F7 /* Pods-VKAppTests.release.xcconfig */ = {isa = PBXFileReference; includeInIndex = 1; lastKnownFileType = text.xcconfig; name = "Pods-VKAppTests.release.xcconfig"; path = "Pods/Target Support Files/Pods-VKAppTests/Pods-VKAppTests.release.xcconfig"; sourceTree = "<group>"; };
		93546A4CFA8614142CAF359D /* Pods_VKAppUITests.framework */ = {isa = PBXFileReference; explicitFileType = wrapper.framework; includeInIndex = 0; path = Pods_VKAppUITests.framework; sourceTree = BUILT_PRODUCTS_DIR; };
		9B1C687555B7E5D5E9BEB6AB /* Pods_VKApp.framework */ = {isa = PBXFileReference; explicitFileType = wrapper.framework; includeInIndex = 0; path = Pods_VKApp.framework; sourceTree = BUILT_PRODUCTS_DIR; };
		A5B37277CFEE55B3C5B5CAA1 /* Pods_VKAppWidget.framework */ = {isa = PBXFileReference; explicitFileType = wrapper.framework; includeInIndex = 0; path = Pods_VKAppWidget.framework; sourceTree = BUILT_PRODUCTS_DIR; };
		BB159E44205686D500D4B114 /* GetFriends.swift */ = {isa = PBXFileReference; lastKnownFileType = sourcecode.swift; path = GetFriends.swift; sourceTree = "<group>"; };
		BB159E46205686E400D4B114 /* GetGroups.swift */ = {isa = PBXFileReference; lastKnownFileType = sourcecode.swift; path = GetGroups.swift; sourceTree = "<group>"; };
		BB159E48205686F200D4B114 /* GetUserPhoto.swift */ = {isa = PBXFileReference; lastKnownFileType = sourcecode.swift; path = GetUserPhoto.swift; sourceTree = "<group>"; };
		BB159E4B20584F6B00D4B114 /* VKGroups.swift */ = {isa = PBXFileReference; lastKnownFileType = sourcecode.swift; path = VKGroups.swift; sourceTree = "<group>"; };
		BB160FBF2174B18400007879 /* Constant.swift */ = {isa = PBXFileReference; lastKnownFileType = sourcecode.swift; path = Constant.swift; sourceTree = "<group>"; };
		BB31CEDE201E2843000AE5D2 /* VKApp.app */ = {isa = PBXFileReference; explicitFileType = wrapper.application; includeInIndex = 0; path = VKApp.app; sourceTree = BUILT_PRODUCTS_DIR; };
		BB31CEE1201E2843000AE5D2 /* AppDelegate.swift */ = {isa = PBXFileReference; lastKnownFileType = sourcecode.swift; path = AppDelegate.swift; sourceTree = "<group>"; };
		BB31CEE6201E2843000AE5D2 /* Base */ = {isa = PBXFileReference; lastKnownFileType = file.storyboard; name = Base; path = Base.lproj/Main.storyboard; sourceTree = "<group>"; };
		BB31CEE8201E2843000AE5D2 /* Assets.xcassets */ = {isa = PBXFileReference; lastKnownFileType = folder.assetcatalog; path = Assets.xcassets; sourceTree = "<group>"; };
		BB31CEEB201E2843000AE5D2 /* Base */ = {isa = PBXFileReference; lastKnownFileType = file.storyboard; name = Base; path = Base.lproj/LaunchScreen.storyboard; sourceTree = "<group>"; };
		BB31CEED201E2843000AE5D2 /* Info.plist */ = {isa = PBXFileReference; lastKnownFileType = text.plist.xml; path = Info.plist; sourceTree = "<group>"; };
		BB31CEF2201E2843000AE5D2 /* VKAppTests.xctest */ = {isa = PBXFileReference; explicitFileType = wrapper.cfbundle; includeInIndex = 0; path = VKAppTests.xctest; sourceTree = BUILT_PRODUCTS_DIR; };
		BB31CEF6201E2843000AE5D2 /* VKAppTests.swift */ = {isa = PBXFileReference; lastKnownFileType = sourcecode.swift; path = VKAppTests.swift; sourceTree = "<group>"; };
		BB31CEF8201E2843000AE5D2 /* Info.plist */ = {isa = PBXFileReference; lastKnownFileType = text.plist.xml; path = Info.plist; sourceTree = "<group>"; };
		BB31CEFD201E2844000AE5D2 /* VKAppUITests.xctest */ = {isa = PBXFileReference; explicitFileType = wrapper.cfbundle; includeInIndex = 0; path = VKAppUITests.xctest; sourceTree = BUILT_PRODUCTS_DIR; };
		BB31CF01201E2844000AE5D2 /* VKAppUITests.swift */ = {isa = PBXFileReference; lastKnownFileType = sourcecode.swift; path = VKAppUITests.swift; sourceTree = "<group>"; };
		BB31CF03201E2844000AE5D2 /* Info.plist */ = {isa = PBXFileReference; lastKnownFileType = text.plist.xml; path = Info.plist; sourceTree = "<group>"; };
		BB31CF0F201E2AD9000AE5D2 /* AuthorizationViewController.swift */ = {isa = PBXFileReference; lastKnownFileType = sourcecode.swift; path = AuthorizationViewController.swift; sourceTree = "<group>"; };
		BB31CF12201E2F41000AE5D2 /* MyFriendsTableViewController.swift */ = {isa = PBXFileReference; lastKnownFileType = sourcecode.swift; path = MyFriendsTableViewController.swift; sourceTree = "<group>"; };
		BB31CF14201E2F50000AE5D2 /* MyFriendsTableViewCell.swift */ = {isa = PBXFileReference; lastKnownFileType = sourcecode.swift; path = MyFriendsTableViewCell.swift; sourceTree = "<group>"; };
		BB31CF17201E2F89000AE5D2 /* MyGroupsTableViewController.swift */ = {isa = PBXFileReference; lastKnownFileType = sourcecode.swift; path = MyGroupsTableViewController.swift; sourceTree = "<group>"; };
		BB31CF19201E2F95000AE5D2 /* MyGroupsTableViewCell.swift */ = {isa = PBXFileReference; lastKnownFileType = sourcecode.swift; path = MyGroupsTableViewCell.swift; sourceTree = "<group>"; };
		BB31CF1C201E300D000AE5D2 /* AllGroupsTableViewCell.swift */ = {isa = PBXFileReference; lastKnownFileType = sourcecode.swift; path = AllGroupsTableViewCell.swift; sourceTree = "<group>"; };
		BB31CF1E201E301F000AE5D2 /* AllGroupsTableViewController.swift */ = {isa = PBXFileReference; lastKnownFileType = sourcecode.swift; path = AllGroupsTableViewController.swift; sourceTree = "<group>"; };
		BB3FEE1920B9B12300F28577 /* NotificationCenter.framework */ = {isa = PBXFileReference; lastKnownFileType = wrapper.framework; name = NotificationCenter.framework; path = System/Library/Frameworks/NotificationCenter.framework; sourceTree = SDKROOT; };
		BB3FEE2920B9B1A400F28577 /* VKApp.entitlements */ = {isa = PBXFileReference; lastKnownFileType = text.plist.entitlements; path = VKApp.entitlements; sourceTree = "<group>"; };
		BB41BCAB207B788A009E971D /* GetFrameNews.swift */ = {isa = PBXFileReference; lastKnownFileType = sourcecode.swift; path = GetFrameNews.swift; sourceTree = "<group>"; };
		BB462B0D2084C1E0006840FF /* GoogleService-Info.plist */ = {isa = PBXFileReference; fileEncoding = 4; lastKnownFileType = text.plist.xml; path = "GoogleService-Info.plist"; sourceTree = "<group>"; };
		BB462B0F2084DD36006840FF /* FBUserAddGroup.swift */ = {isa = PBXFileReference; lastKnownFileType = sourcecode.swift; path = FBUserAddGroup.swift; sourceTree = "<group>"; };
		BB5841892152F7C400C1E228 /* BannerAds.swift */ = {isa = PBXFileReference; lastKnownFileType = sourcecode.swift; path = BannerAds.swift; sourceTree = "<group>"; };
		BB633DDF20682E0300740E09 /* NewsTableViewController.swift */ = {isa = PBXFileReference; lastKnownFileType = sourcecode.swift; path = NewsTableViewController.swift; sourceTree = "<group>"; };
		BB633DE120682EF000740E09 /* NewsTableViewCell.swift */ = {isa = PBXFileReference; lastKnownFileType = sourcecode.swift; path = NewsTableViewCell.swift; sourceTree = "<group>"; };
		BB7089EF2166CB32002644EE /* VKPost.swift */ = {isa = PBXFileReference; lastKnownFileType = sourcecode.swift; path = VKPost.swift; sourceTree = "<group>"; };
		BB784AAE207AB235008F00DB /* GetFrameBasic.swift */ = {isa = PBXFileReference; lastKnownFileType = sourcecode.swift; path = GetFrameBasic.swift; sourceTree = "<group>"; };
		BB7AB0512058744C003CDAED /* VKFriends.swift */ = {isa = PBXFileReference; lastKnownFileType = sourcecode.swift; path = VKFriends.swift; sourceTree = "<group>"; };
		BB7AB053205874B4003CDAED /* VKUserPhoto.swift */ = {isa = PBXFileReference; lastKnownFileType = sourcecode.swift; path = VKUserPhoto.swift; sourceTree = "<group>"; };
		BB7E36E6216567FA00BEFF5B /* GetNews.swift */ = {isa = PBXFileReference; lastKnownFileType = sourcecode.swift; path = GetNews.swift; sourceTree = "<group>"; };
		BB852A062045FB0F003C419C /* UserViewController.swift */ = {isa = PBXFileReference; lastKnownFileType = sourcecode.swift; path = UserViewController.swift; sourceTree = "<group>"; };
		BB875CCA20A88DC900DCFAA7 /* PostViewController.swift */ = {isa = PBXFileReference; lastKnownFileType = sourcecode.swift; path = PostViewController.swift; sourceTree = "<group>"; };
		BB875CCC20A88DF300DCFAA7 /* MapViewController.swift */ = {isa = PBXFileReference; lastKnownFileType = sourcecode.swift; path = MapViewController.swift; sourceTree = "<group>"; };
		BB882984207122600004319C /* New.swift */ = {isa = PBXFileReference; lastKnownFileType = sourcecode.swift; path = New.swift; sourceTree = "<group>"; };
		BB882991207185FF0004319C /* VKNews.swift */ = {isa = PBXFileReference; fileEncoding = 4; lastKnownFileType = sourcecode.swift; path = VKNews.swift; sourceTree = "<group>"; };
		BB8D9A192083BC7500918D26 /* GroupFilter.swift */ = {isa = PBXFileReference; lastKnownFileType = sourcecode.swift; path = GroupFilter.swift; sourceTree = "<group>"; };
		BB9084B020BF3680002ADA1B /* Messages.framework */ = {isa = PBXFileReference; lastKnownFileType = wrapper.framework; name = Messages.framework; path = System/Library/Frameworks/Messages.framework; sourceTree = SDKROOT; };
		BB9B4BF7218DCA9E0036A7A9 /* GetData.swift */ = {isa = PBXFileReference; lastKnownFileType = sourcecode.swift; path = GetData.swift; sourceTree = "<group>"; };
		BBBEE2D721677F6C00ADAB4A /* SendPost.swift */ = {isa = PBXFileReference; lastKnownFileType = sourcecode.swift; path = SendPost.swift; sourceTree = "<group>"; };
		BBCCC7F62083CEBB00D2049D /* VKAllGroups.swift */ = {isa = PBXFileReference; lastKnownFileType = sourcecode.swift; path = VKAllGroups.swift; sourceTree = "<group>"; };
		BBCCC7F82083D7B200D2049D /* AddGroup.swift */ = {isa = PBXFileReference; lastKnownFileType = sourcecode.swift; path = AddGroup.swift; sourceTree = "<group>"; };
		BBCCC7FA2083DA6F00D2049D /* VKAddGroup.swift */ = {isa = PBXFileReference; lastKnownFileType = sourcecode.swift; path = VKAddGroup.swift; sourceTree = "<group>"; };
		BBD83EB820ACB6200015014F /* GetRequestFriendship.swift */ = {isa = PBXFileReference; lastKnownFileType = sourcecode.swift; path = GetRequestFriendship.swift; sourceTree = "<group>"; };
		BBD83EBA20ACBABA0015014F /* VKRequestFriendship.swift */ = {isa = PBXFileReference; lastKnownFileType = sourcecode.swift; path = VKRequestFriendship.swift; sourceTree = "<group>"; };
		BBDB1CAA20824E2400EB0F0B /* GetAllGroups.swift */ = {isa = PBXFileReference; lastKnownFileType = sourcecode.swift; path = GetAllGroups.swift; sourceTree = "<group>"; };
		BBED80EF202502BC004D7BBB /* User.swift */ = {isa = PBXFileReference; lastKnownFileType = sourcecode.swift; path = User.swift; sourceTree = "<group>"; };
		BBED80F1202502D1004D7BBB /* Photo.swift */ = {isa = PBXFileReference; lastKnownFileType = sourcecode.swift; path = Photo.swift; sourceTree = "<group>"; };
		BBED80F3202502DF004D7BBB /* Group.swift */ = {isa = PBXFileReference; lastKnownFileType = sourcecode.swift; path = Group.swift; sourceTree = "<group>"; };
		C330D75C22272C7A00470540 /* AuthorizationVC.storyboard */ = {isa = PBXFileReference; lastKnownFileType = file.storyboard; path = AuthorizationVC.storyboard; sourceTree = "<group>"; };
		C330D75E22272F6900470540 /* AuthorizationVC.swift */ = {isa = PBXFileReference; lastKnownFileType = sourcecode.swift; path = AuthorizationVC.swift; sourceTree = "<group>"; };
		C330D761222738A800470540 /* OSLog.swift */ = {isa = PBXFileReference; lastKnownFileType = sourcecode.swift; path = OSLog.swift; sourceTree = "<group>"; };
		C330D763222744CE00470540 /* TabBarController.swift */ = {isa = PBXFileReference; lastKnownFileType = sourcecode.swift; path = TabBarController.swift; sourceTree = "<group>"; };
		C3B2113A2225D32000922463 /* AppError.swift */ = {isa = PBXFileReference; lastKnownFileType = sourcecode.swift; path = AppError.swift; sourceTree = "<group>"; };
		C3B2113C2225D32B00922463 /* ErrorParser.swift */ = {isa = PBXFileReference; lastKnownFileType = sourcecode.swift; path = ErrorParser.swift; sourceTree = "<group>"; };
		C3B2113E2225D33700922463 /* NetworkService.swift */ = {isa = PBXFileReference; lastKnownFileType = sourcecode.swift; path = NetworkService.swift; sourceTree = "<group>"; };
		C3B211402225D34300922463 /* RequestRouter.swift */ = {isa = PBXFileReference; lastKnownFileType = sourcecode.swift; path = RequestRouter.swift; sourceTree = "<group>"; };
		C3B211432225EF6B00922463 /* Configuration.swift */ = {isa = PBXFileReference; lastKnownFileType = sourcecode.swift; path = Configuration.swift; sourceTree = "<group>"; };
		D451237A11916A3BA392DD3E /* Pods_VKAppWatch_Extension.framework */ = {isa = PBXFileReference; explicitFileType = wrapper.framework; includeInIndex = 0; path = Pods_VKAppWatch_Extension.framework; sourceTree = BUILT_PRODUCTS_DIR; };
		D81232A1CDBC24F234D382B0 /* Pods-VKAppUITests.debug.xcconfig */ = {isa = PBXFileReference; includeInIndex = 1; lastKnownFileType = text.xcconfig; name = "Pods-VKAppUITests.debug.xcconfig"; path = "Pods/Target Support Files/Pods-VKAppUITests/Pods-VKAppUITests.debug.xcconfig"; sourceTree = "<group>"; };
		FAE2CEDAB6B596DF7D5A12CF /* Pods-VKApp.debug.xcconfig */ = {isa = PBXFileReference; includeInIndex = 1; lastKnownFileType = text.xcconfig; name = "Pods-VKApp.debug.xcconfig"; path = "Pods/Target Support Files/Pods-VKApp/Pods-VKApp.debug.xcconfig"; sourceTree = "<group>"; };
/* End PBXFileReference section */

/* Begin PBXFrameworksBuildPhase section */
		BB31CEDB201E2843000AE5D2 /* Frameworks */ = {
			isa = PBXFrameworksBuildPhase;
			buildActionMask = 2147483647;
			files = (
				1521D989DF06D5563969B841 /* Pods_VKApp.framework in Frameworks */,
			);
			runOnlyForDeploymentPostprocessing = 0;
		};
		BB31CEEF201E2843000AE5D2 /* Frameworks */ = {
			isa = PBXFrameworksBuildPhase;
			buildActionMask = 2147483647;
			files = (
				2550E970E3ED681B6A129C5E /* Pods_VKAppTests.framework in Frameworks */,
			);
			runOnlyForDeploymentPostprocessing = 0;
		};
		BB31CEFA201E2844000AE5D2 /* Frameworks */ = {
			isa = PBXFrameworksBuildPhase;
			buildActionMask = 2147483647;
			files = (
				D2D795F3CBA98BD97657DB68 /* Pods_VKAppUITests.framework in Frameworks */,
			);
			runOnlyForDeploymentPostprocessing = 0;
		};
/* End PBXFrameworksBuildPhase section */

/* Begin PBXGroup section */
		53F49AD91CA17C4ED36D4613 /* Pods */ = {
			isa = PBXGroup;
			children = (
				FAE2CEDAB6B596DF7D5A12CF /* Pods-VKApp.debug.xcconfig */,
				34B700C6D0B8DBD6E487FAF3 /* Pods-VKApp.release.xcconfig */,
				4FF52C960FEA9CCE2250A2AB /* Pods-VKAppTests.debug.xcconfig */,
				72958ED180387CB5531573F7 /* Pods-VKAppTests.release.xcconfig */,
				D81232A1CDBC24F234D382B0 /* Pods-VKAppUITests.debug.xcconfig */,
				1E4E18BF57148E4E7C73983D /* Pods-VKAppUITests.release.xcconfig */,
			);
			name = Pods;
			sourceTree = "<group>";
		};
		BAFB9CAB2468B39EA6098E79 /* Frameworks */ = {
			isa = PBXGroup;
			children = (
				9B1C687555B7E5D5E9BEB6AB /* Pods_VKApp.framework */,
				BB3FEE1920B9B12300F28577 /* NotificationCenter.framework */,
				A5B37277CFEE55B3C5B5CAA1 /* Pods_VKAppWidget.framework */,
				BB9084B020BF3680002ADA1B /* Messages.framework */,
				D451237A11916A3BA392DD3E /* Pods_VKAppWatch_Extension.framework */,
				20197F795558ED95517E3406 /* Pods_VKAppTests.framework */,
				93546A4CFA8614142CAF359D /* Pods_VKAppUITests.framework */,
			);
			name = Frameworks;
			sourceTree = "<group>";
		};
		BB159E43205686BF00D4B114 /* Service */ = {
			isa = PBXGroup;
			children = (
				BB9B4BF7218DCA9E0036A7A9 /* GetData.swift */,
				BB159E44205686D500D4B114 /* GetFriends.swift */,
				BB159E48205686F200D4B114 /* GetUserPhoto.swift */,
				BB159E46205686E400D4B114 /* GetGroups.swift */,
				BBDB1CAA20824E2400EB0F0B /* GetAllGroups.swift */,
				BBCCC7F82083D7B200D2049D /* AddGroup.swift */,
				BB7E36E6216567FA00BEFF5B /* GetNews.swift */,
				BBBEE2D721677F6C00ADAB4A /* SendPost.swift */,
				BB784AAE207AB235008F00DB /* GetFrameBasic.swift */,
				BB41BCAB207B788A009E971D /* GetFrameNews.swift */,
				BBD83EB820ACB6200015014F /* GetRequestFriendship.swift */,
				BB5841892152F7C400C1E228 /* BannerAds.swift */,
			);
			path = Service;
			sourceTree = "<group>";
		};
		BB159E4A20584F3D00D4B114 /* Model */ = {
			isa = PBXGroup;
			children = (
				BB7AB0512058744C003CDAED /* VKFriends.swift */,
				BB7AB053205874B4003CDAED /* VKUserPhoto.swift */,
				BB159E4B20584F6B00D4B114 /* VKGroups.swift */,
				BBCCC7F62083CEBB00D2049D /* VKAllGroups.swift */,
				BBCCC7FA2083DA6F00D2049D /* VKAddGroup.swift */,
				BB882991207185FF0004319C /* VKNews.swift */,
				BB7089EF2166CB32002644EE /* VKPost.swift */,
				BB462B0F2084DD36006840FF /* FBUserAddGroup.swift */,
				BBD83EBA20ACBABA0015014F /* VKRequestFriendship.swift */,
			);
			path = Model;
			sourceTree = "<group>";
		};
		BB21FF56204B337500B3B69F /* ViewController */ = {
			isa = PBXGroup;
			children = (
				BB31CF0F201E2AD9000AE5D2 /* AuthorizationViewController.swift */,
				BB31CF12201E2F41000AE5D2 /* MyFriendsTableViewController.swift */,
				BB852A062045FB0F003C419C /* UserViewController.swift */,
				BB31CF17201E2F89000AE5D2 /* MyGroupsTableViewController.swift */,
				BB31CF1E201E301F000AE5D2 /* AllGroupsTableViewController.swift */,
				BB633DDF20682E0300740E09 /* NewsTableViewController.swift */,
				BB875CCA20A88DC900DCFAA7 /* PostViewController.swift */,
				BB875CCC20A88DF300DCFAA7 /* MapViewController.swift */,
			);
			path = ViewController;
			sourceTree = "<group>";
		};
		BB21FF57204B33CB00B3B69F /* ViewCell */ = {
			isa = PBXGroup;
			children = (
				BB31CF14201E2F50000AE5D2 /* MyFriendsTableViewCell.swift */,
				BB31CF19201E2F95000AE5D2 /* MyGroupsTableViewCell.swift */,
				BB31CF1C201E300D000AE5D2 /* AllGroupsTableViewCell.swift */,
				BB633DE120682EF000740E09 /* NewsTableViewCell.swift */,
			);
			path = ViewCell;
			sourceTree = "<group>";
		};
		BB21FF58204B343600B3B69F /* Class */ = {
			isa = PBXGroup;
			children = (
				BB160FBF2174B18400007879 /* Constant.swift */,
				BBED80EF202502BC004D7BBB /* User.swift */,
				BBED80F1202502D1004D7BBB /* Photo.swift */,
				BBED80F3202502DF004D7BBB /* Group.swift */,
				BB8D9A192083BC7500918D26 /* GroupFilter.swift */,
				BB882984207122600004319C /* New.swift */,
			);
			path = Class;
			sourceTree = "<group>";
		};
		BB31CED5201E2843000AE5D2 = {
			isa = PBXGroup;
			children = (
				BB31CEE0201E2843000AE5D2 /* VKApp */,
				BB31CEF5201E2843000AE5D2 /* VKAppTests */,
				BB31CF00201E2844000AE5D2 /* VKAppUITests */,
				BB31CEDF201E2843000AE5D2 /* Products */,
				53F49AD91CA17C4ED36D4613 /* Pods */,
				BAFB9CAB2468B39EA6098E79 /* Frameworks */,
			);
			sourceTree = "<group>";
		};
		BB31CEDF201E2843000AE5D2 /* Products */ = {
			isa = PBXGroup;
			children = (
				BB31CEDE201E2843000AE5D2 /* VKApp.app */,
				BB31CEF2201E2843000AE5D2 /* VKAppTests.xctest */,
				BB31CEFD201E2844000AE5D2 /* VKAppUITests.xctest */,
			);
			name = Products;
			sourceTree = "<group>";
		};
		BB31CEE0201E2843000AE5D2 /* VKApp */ = {
			isa = PBXGroup;
			children = (
				C330D7602227387000470540 /* Logging */,
				C330D75722272B6B00470540 /* Authorization */,
				C3B211422225EF5900922463 /* Configuration */,
				C3B211372225D28200922463 /* Core */,
				BB21FF58204B343600B3B69F /* Class */,
				BB159E4A20584F3D00D4B114 /* Model */,
				BB159E43205686BF00D4B114 /* Service */,
				BB21FF56204B337500B3B69F /* ViewController */,
				BB21FF57204B33CB00B3B69F /* ViewCell */,
				BB31CEE8201E2843000AE5D2 /* Assets.xcassets */,
				BB3FEE2920B9B1A400F28577 /* VKApp.entitlements */,
				BB31CEEA201E2843000AE5D2 /* LaunchScreen.storyboard */,
			);
			path = VKApp;
			sourceTree = "<group>";
		};
		BB31CEF5201E2843000AE5D2 /* VKAppTests */ = {
			isa = PBXGroup;
			children = (
				BB31CEF6201E2843000AE5D2 /* VKAppTests.swift */,
				BB31CEF8201E2843000AE5D2 /* Info.plist */,
			);
			path = VKAppTests;
			sourceTree = "<group>";
		};
		BB31CF00201E2844000AE5D2 /* VKAppUITests */ = {
			isa = PBXGroup;
			children = (
				BB31CF01201E2844000AE5D2 /* VKAppUITests.swift */,
				BB31CF03201E2844000AE5D2 /* Info.plist */,
			);
			path = VKAppUITests;
			sourceTree = "<group>";
		};
		C330D75722272B6B00470540 /* Authorization */ = {
			isa = PBXGroup;
			children = (
				C330D75922272BBB00470540 /* Controller */,
				C330D75A22272BCF00470540 /* Model */,
				C330D75B22272BDC00470540 /* ModelController */,
				C330D75822272BAB00470540 /* View */,
			);
			path = Authorization;
			sourceTree = "<group>";
		};
		C330D75822272BAB00470540 /* View */ = {
			isa = PBXGroup;
			children = (
				C330D75C22272C7A00470540 /* AuthorizationVC.storyboard */,
			);
			path = View;
			sourceTree = "<group>";
		};
		C330D75922272BBB00470540 /* Controller */ = {
			isa = PBXGroup;
			children = (
				C330D75E22272F6900470540 /* AuthorizationVC.swift */,
				C330D763222744CE00470540 /* TabBarController.swift */,
			);
			path = Controller;
			sourceTree = "<group>";
		};
		C330D75A22272BCF00470540 /* Model */ = {
			isa = PBXGroup;
			children = (
			);
			path = Model;
			sourceTree = "<group>";
		};
		C330D75B22272BDC00470540 /* ModelController */ = {
			isa = PBXGroup;
			children = (
			);
			path = ModelController;
			sourceTree = "<group>";
		};
		C330D7602227387000470540 /* Logging */ = {
			isa = PBXGroup;
			children = (
				C330D761222738A800470540 /* OSLog.swift */,
			);
			path = Logging;
			sourceTree = "<group>";
		};
		C3B211372225D28200922463 /* Core */ = {
			isa = PBXGroup;
			children = (
				BB31CEE1201E2843000AE5D2 /* AppDelegate.swift */,
				BB31CEE5201E2843000AE5D2 /* Main.storyboard */,
				C3B211392225D29E00922463 /* UIComponent */,
				C3B211382225D29100922463 /* Network */,
			);
			path = Core;
			sourceTree = "<group>";
		};
		C3B211382225D29100922463 /* Network */ = {
			isa = PBXGroup;
			children = (
				C3B2113A2225D32000922463 /* AppError.swift */,
				C3B2113C2225D32B00922463 /* ErrorParser.swift */,
				C3B2113E2225D33700922463 /* NetworkService.swift */,
				C3B211402225D34300922463 /* RequestRouter.swift */,
			);
			path = Network;
			sourceTree = "<group>";
		};
		C3B211392225D29E00922463 /* UIComponent */ = {
			isa = PBXGroup;
			children = (
			);
			path = UIComponent;
			sourceTree = "<group>";
		};
		C3B211422225EF5900922463 /* Configuration */ = {
			isa = PBXGroup;
			children = (
				C3B211432225EF6B00922463 /* Configuration.swift */,
				BB31CEED201E2843000AE5D2 /* Info.plist */,
				BB462B0D2084C1E0006840FF /* GoogleService-Info.plist */,
			);
			path = Configuration;
			sourceTree = "<group>";
		};
/* End PBXGroup section */

/* Begin PBXNativeTarget section */
		BB31CEDD201E2843000AE5D2 /* VKApp */ = {
			isa = PBXNativeTarget;
			buildConfigurationList = BB31CF06201E2844000AE5D2 /* Build configuration list for PBXNativeTarget "VKApp" */;
			buildPhases = (
				BBAD8AE9309569186DB32272 /* [CP] Check Pods Manifest.lock */,
				BB31CEDA201E2843000AE5D2 /* Sources */,
				BB31CEDB201E2843000AE5D2 /* Frameworks */,
				BB31CEDC201E2843000AE5D2 /* Resources */,
				F53F29FC421AC0B166D98AB2 /* [CP] Embed Pods Frameworks */,
				BB3FEE2820B9B12300F28577 /* Embed App Extensions */,
				BB62415420C40FBB00CA5527 /* Embed Watch Content */,
			);
			buildRules = (
			);
			dependencies = (
			);
			name = VKApp;
			productName = VKApp;
			productReference = BB31CEDE201E2843000AE5D2 /* VKApp.app */;
			productType = "com.apple.product-type.application";
		};
		BB31CEF1201E2843000AE5D2 /* VKAppTests */ = {
			isa = PBXNativeTarget;
			buildConfigurationList = BB31CF09201E2844000AE5D2 /* Build configuration list for PBXNativeTarget "VKAppTests" */;
			buildPhases = (
				D2C3EAACDF1B3F9861624469 /* [CP] Check Pods Manifest.lock */,
				BB31CEEE201E2843000AE5D2 /* Sources */,
				BB31CEEF201E2843000AE5D2 /* Frameworks */,
				BB31CEF0201E2843000AE5D2 /* Resources */,
				FA2ED4B42196627C88CCB06E /* [CP] Embed Pods Frameworks */,
			);
			buildRules = (
			);
			dependencies = (
				BB31CEF4201E2843000AE5D2 /* PBXTargetDependency */,
			);
			name = VKAppTests;
			productName = VKAppTests;
			productReference = BB31CEF2201E2843000AE5D2 /* VKAppTests.xctest */;
			productType = "com.apple.product-type.bundle.unit-test";
		};
		BB31CEFC201E2844000AE5D2 /* VKAppUITests */ = {
			isa = PBXNativeTarget;
			buildConfigurationList = BB31CF0C201E2844000AE5D2 /* Build configuration list for PBXNativeTarget "VKAppUITests" */;
			buildPhases = (
				6798090ED3D725A09E3128A3 /* [CP] Check Pods Manifest.lock */,
				BB31CEF9201E2844000AE5D2 /* Sources */,
				BB31CEFA201E2844000AE5D2 /* Frameworks */,
				BB31CEFB201E2844000AE5D2 /* Resources */,
			);
			buildRules = (
			);
			dependencies = (
				BB31CEFF201E2844000AE5D2 /* PBXTargetDependency */,
			);
			name = VKAppUITests;
			productName = VKAppUITests;
			productReference = BB31CEFD201E2844000AE5D2 /* VKAppUITests.xctest */;
			productType = "com.apple.product-type.bundle.ui-testing";
		};
/* End PBXNativeTarget section */

/* Begin PBXProject section */
		BB31CED6201E2843000AE5D2 /* Project object */ = {
			isa = PBXProject;
			attributes = {
				LastSwiftUpdateCheck = 0940;
				LastUpgradeCheck = 1010;
				ORGANIZATIONNAME = "Sigay Aleksey";
				TargetAttributes = {
					BB31CEDD201E2843000AE5D2 = {
						CreatedOnToolsVersion = 9.2;
						LastSwiftMigration = 0920;
						ProvisioningStyle = Automatic;
						SystemCapabilities = {
							com.apple.ApplicationGroups.iOS = {
								enabled = 1;
							};
							com.apple.BackgroundModes = {
								enabled = 1;
							};
						};
					};
					BB31CEF1201E2843000AE5D2 = {
						CreatedOnToolsVersion = 9.2;
						ProvisioningStyle = Automatic;
						TestTargetID = BB31CEDD201E2843000AE5D2;
					};
					BB31CEFC201E2844000AE5D2 = {
						CreatedOnToolsVersion = 9.2;
						ProvisioningStyle = Automatic;
						TestTargetID = BB31CEDD201E2843000AE5D2;
					};
				};
			};
			buildConfigurationList = BB31CED9201E2843000AE5D2 /* Build configuration list for PBXProject "VKApp" */;
			compatibilityVersion = "Xcode 8.0";
			developmentRegion = en;
			hasScannedForEncodings = 0;
			knownRegions = (
				en,
				Base,
			);
			mainGroup = BB31CED5201E2843000AE5D2;
			productRefGroup = BB31CEDF201E2843000AE5D2 /* Products */;
			projectDirPath = "";
			projectRoot = "";
			targets = (
				BB31CEDD201E2843000AE5D2 /* VKApp */,
				BB31CEF1201E2843000AE5D2 /* VKAppTests */,
				BB31CEFC201E2844000AE5D2 /* VKAppUITests */,
			);
		};
/* End PBXProject section */

/* Begin PBXResourcesBuildPhase section */
		BB31CEDC201E2843000AE5D2 /* Resources */ = {
			isa = PBXResourcesBuildPhase;
			buildActionMask = 2147483647;
			files = (
				BB31CEEC201E2843000AE5D2 /* LaunchScreen.storyboard in Resources */,
				C330D75D22272C7A00470540 /* AuthorizationVC.storyboard in Resources */,
				BB462B0E2084C1E0006840FF /* GoogleService-Info.plist in Resources */,
				BB31CEE9201E2843000AE5D2 /* Assets.xcassets in Resources */,
				BB31CEE7201E2843000AE5D2 /* Main.storyboard in Resources */,
			);
			runOnlyForDeploymentPostprocessing = 0;
		};
		BB31CEF0201E2843000AE5D2 /* Resources */ = {
			isa = PBXResourcesBuildPhase;
			buildActionMask = 2147483647;
			files = (
			);
			runOnlyForDeploymentPostprocessing = 0;
		};
		BB31CEFB201E2844000AE5D2 /* Resources */ = {
			isa = PBXResourcesBuildPhase;
			buildActionMask = 2147483647;
			files = (
			);
			runOnlyForDeploymentPostprocessing = 0;
		};
/* End PBXResourcesBuildPhase section */

/* Begin PBXShellScriptBuildPhase section */
		6798090ED3D725A09E3128A3 /* [CP] Check Pods Manifest.lock */ = {
			isa = PBXShellScriptBuildPhase;
			buildActionMask = 2147483647;
			files = (
			);
			inputFileListPaths = (
			);
			inputPaths = (
				"${PODS_PODFILE_DIR_PATH}/Podfile.lock",
				"${PODS_ROOT}/Manifest.lock",
			);
			name = "[CP] Check Pods Manifest.lock";
			outputFileListPaths = (
			);
			outputPaths = (
				"$(DERIVED_FILE_DIR)/Pods-VKAppUITests-checkManifestLockResult.txt",
			);
			runOnlyForDeploymentPostprocessing = 0;
			shellPath = /bin/sh;
			shellScript = "diff \"${PODS_PODFILE_DIR_PATH}/Podfile.lock\" \"${PODS_ROOT}/Manifest.lock\" > /dev/null\nif [ $? != 0 ] ; then\n    # print error to STDERR\n    echo \"error: The sandbox is not in sync with the Podfile.lock. Run 'pod install' or update your CocoaPods installation.\" >&2\n    exit 1\nfi\n# This output is used by Xcode 'outputs' to avoid re-running this script phase.\necho \"SUCCESS\" > \"${SCRIPT_OUTPUT_FILE_0}\"\n";
			showEnvVarsInLog = 0;
		};
		BBAD8AE9309569186DB32272 /* [CP] Check Pods Manifest.lock */ = {
			isa = PBXShellScriptBuildPhase;
			buildActionMask = 2147483647;
			files = (
			);
			inputPaths = (
				"${PODS_PODFILE_DIR_PATH}/Podfile.lock",
				"${PODS_ROOT}/Manifest.lock",
			);
			name = "[CP] Check Pods Manifest.lock";
			outputPaths = (
				"$(DERIVED_FILE_DIR)/Pods-VKApp-checkManifestLockResult.txt",
			);
			runOnlyForDeploymentPostprocessing = 0;
			shellPath = /bin/sh;
			shellScript = "diff \"${PODS_PODFILE_DIR_PATH}/Podfile.lock\" \"${PODS_ROOT}/Manifest.lock\" > /dev/null\nif [ $? != 0 ] ; then\n    # print error to STDERR\n    echo \"error: The sandbox is not in sync with the Podfile.lock. Run 'pod install' or update your CocoaPods installation.\" >&2\n    exit 1\nfi\n# This output is used by Xcode 'outputs' to avoid re-running this script phase.\necho \"SUCCESS\" > \"${SCRIPT_OUTPUT_FILE_0}\"\n";
			showEnvVarsInLog = 0;
		};
		D2C3EAACDF1B3F9861624469 /* [CP] Check Pods Manifest.lock */ = {
			isa = PBXShellScriptBuildPhase;
			buildActionMask = 2147483647;
			files = (
			);
			inputFileListPaths = (
			);
			inputPaths = (
				"${PODS_PODFILE_DIR_PATH}/Podfile.lock",
				"${PODS_ROOT}/Manifest.lock",
			);
			name = "[CP] Check Pods Manifest.lock";
			outputFileListPaths = (
			);
			outputPaths = (
				"$(DERIVED_FILE_DIR)/Pods-VKAppTests-checkManifestLockResult.txt",
			);
			runOnlyForDeploymentPostprocessing = 0;
			shellPath = /bin/sh;
			shellScript = "diff \"${PODS_PODFILE_DIR_PATH}/Podfile.lock\" \"${PODS_ROOT}/Manifest.lock\" > /dev/null\nif [ $? != 0 ] ; then\n    # print error to STDERR\n    echo \"error: The sandbox is not in sync with the Podfile.lock. Run 'pod install' or update your CocoaPods installation.\" >&2\n    exit 1\nfi\n# This output is used by Xcode 'outputs' to avoid re-running this script phase.\necho \"SUCCESS\" > \"${SCRIPT_OUTPUT_FILE_0}\"\n";
			showEnvVarsInLog = 0;
		};
		F53F29FC421AC0B166D98AB2 /* [CP] Embed Pods Frameworks */ = {
			isa = PBXShellScriptBuildPhase;
			buildActionMask = 2147483647;
			files = (
			);
			inputPaths = (
				"${SRCROOT}/Pods/Target Support Files/Pods-VKApp/Pods-VKApp-frameworks.sh",
				"${BUILT_PRODUCTS_DIR}/Alamofire/Alamofire.framework",
				"${BUILT_PRODUCTS_DIR}/GTMSessionFetcher/GTMSessionFetcher.framework",
				"${BUILT_PRODUCTS_DIR}/GoogleUtilities/GoogleUtilities.framework",
				"${BUILT_PRODUCTS_DIR}/Realm/Realm.framework",
				"${BUILT_PRODUCTS_DIR}/RealmSwift/RealmSwift.framework",
				"${BUILT_PRODUCTS_DIR}/VK-ios-sdk/VK_ios_sdk.framework",
				"${BUILT_PRODUCTS_DIR}/leveldb-library/leveldb.framework",
				"${BUILT_PRODUCTS_DIR}/nanopb/nanopb.framework",
			);
			name = "[CP] Embed Pods Frameworks";
			outputPaths = (
				"${TARGET_BUILD_DIR}/${FRAMEWORKS_FOLDER_PATH}/Alamofire.framework",
				"${TARGET_BUILD_DIR}/${FRAMEWORKS_FOLDER_PATH}/GTMSessionFetcher.framework",
				"${TARGET_BUILD_DIR}/${FRAMEWORKS_FOLDER_PATH}/GoogleUtilities.framework",
				"${TARGET_BUILD_DIR}/${FRAMEWORKS_FOLDER_PATH}/Realm.framework",
				"${TARGET_BUILD_DIR}/${FRAMEWORKS_FOLDER_PATH}/RealmSwift.framework",
				"${TARGET_BUILD_DIR}/${FRAMEWORKS_FOLDER_PATH}/VK_ios_sdk.framework",
				"${TARGET_BUILD_DIR}/${FRAMEWORKS_FOLDER_PATH}/leveldb.framework",
				"${TARGET_BUILD_DIR}/${FRAMEWORKS_FOLDER_PATH}/nanopb.framework",
			);
			runOnlyForDeploymentPostprocessing = 0;
			shellPath = /bin/sh;
			shellScript = "\"${SRCROOT}/Pods/Target Support Files/Pods-VKApp/Pods-VKApp-frameworks.sh\"\n";
			showEnvVarsInLog = 0;
		};
		FA2ED4B42196627C88CCB06E /* [CP] Embed Pods Frameworks */ = {
			isa = PBXShellScriptBuildPhase;
			buildActionMask = 2147483647;
			files = (
			);
			inputFileListPaths = (
			);
			inputPaths = (
				"${SRCROOT}/Pods/Target Support Files/Pods-VKAppTests/Pods-VKAppTests-frameworks.sh",
				"${BUILT_PRODUCTS_DIR}/Alamofire/Alamofire.framework",
			);
			name = "[CP] Embed Pods Frameworks";
			outputFileListPaths = (
			);
			outputPaths = (
				"${TARGET_BUILD_DIR}/${FRAMEWORKS_FOLDER_PATH}/Alamofire.framework",
			);
			runOnlyForDeploymentPostprocessing = 0;
			shellPath = /bin/sh;
			shellScript = "\"${SRCROOT}/Pods/Target Support Files/Pods-VKAppTests/Pods-VKAppTests-frameworks.sh\"\n";
			showEnvVarsInLog = 0;
		};
/* End PBXShellScriptBuildPhase section */

/* Begin PBXSourcesBuildPhase section */
		BB31CEDA201E2843000AE5D2 /* Sources */ = {
			isa = PBXSourcesBuildPhase;
			buildActionMask = 2147483647;
			files = (
				BB31CF10201E2AD9000AE5D2 /* AuthorizationViewController.swift in Sources */,
				BB852A072045FB0F003C419C /* UserViewController.swift in Sources */,
				BBCCC7F72083CEBB00D2049D /* VKAllGroups.swift in Sources */,
				BB31CF1F201E301F000AE5D2 /* AllGroupsTableViewController.swift in Sources */,
				C3B2113F2225D33700922463 /* NetworkService.swift in Sources */,
				BB7E36E7216567FA00BEFF5B /* GetNews.swift in Sources */,
				BB31CEE2201E2843000AE5D2 /* AppDelegate.swift in Sources */,
				BB882992207185FF0004319C /* VKNews.swift in Sources */,
				BBBEE2D821677F6C00ADAB4A /* SendPost.swift in Sources */,
				BB159E45205686D500D4B114 /* GetFriends.swift in Sources */,
				BBED80F4202502DF004D7BBB /* Group.swift in Sources */,
				BB7089F02166CB32002644EE /* VKPost.swift in Sources */,
				BB462B102084DD36006840FF /* FBUserAddGroup.swift in Sources */,
				BB8D9A1A2083BC7500918D26 /* GroupFilter.swift in Sources */,
				BB31CF18201E2F89000AE5D2 /* MyGroupsTableViewController.swift in Sources */,
				BB160FC02174B18400007879 /* Constant.swift in Sources */,
				BB31CF13201E2F41000AE5D2 /* MyFriendsTableViewController.swift in Sources */,
				BB159E49205686F200D4B114 /* GetUserPhoto.swift in Sources */,
				BB159E4C20584F6B00D4B114 /* VKGroups.swift in Sources */,
				BB31CF15201E2F50000AE5D2 /* MyFriendsTableViewCell.swift in Sources */,
				BBCCC7F92083D7B200D2049D /* AddGroup.swift in Sources */,
				C3B211442225EF6B00922463 /* Configuration.swift in Sources */,
				BB159E47205686E400D4B114 /* GetGroups.swift in Sources */,
				BBED80F2202502D1004D7BBB /* Photo.swift in Sources */,
				C3B2113B2225D32000922463 /* AppError.swift in Sources */,
				BB7AB054205874B4003CDAED /* VKUserPhoto.swift in Sources */,
				BB875CCB20A88DC900DCFAA7 /* PostViewController.swift in Sources */,
				C3B2113D2225D32B00922463 /* ErrorParser.swift in Sources */,
				C330D75F22272F6900470540 /* AuthorizationVC.swift in Sources */,
				BBCCC7FB2083DA6F00D2049D /* VKAddGroup.swift in Sources */,
				C3B211412225D34300922463 /* RequestRouter.swift in Sources */,
				BB9B4BF8218DCA9E0036A7A9 /* GetData.swift in Sources */,
				BB882985207122600004319C /* New.swift in Sources */,
				C330D764222744CE00470540 /* TabBarController.swift in Sources */,
				BB31CF1A201E2F95000AE5D2 /* MyGroupsTableViewCell.swift in Sources */,
				BB41BCAC207B788A009E971D /* GetFrameNews.swift in Sources */,
				BBED80F0202502BC004D7BBB /* User.swift in Sources */,
				BB875CCD20A88DF300DCFAA7 /* MapViewController.swift in Sources */,
				BBD83EB920ACB6200015014F /* GetRequestFriendship.swift in Sources */,
				BB633DE020682E0300740E09 /* NewsTableViewController.swift in Sources */,
				BB784AAF207AB235008F00DB /* GetFrameBasic.swift in Sources */,
				BB58418A2152F7C400C1E228 /* BannerAds.swift in Sources */,
				BBD83EBB20ACBABA0015014F /* VKRequestFriendship.swift in Sources */,
				C330D762222738A800470540 /* OSLog.swift in Sources */,
				BB31CF1D201E300D000AE5D2 /* AllGroupsTableViewCell.swift in Sources */,
				BBDB1CAB20824E2400EB0F0B /* GetAllGroups.swift in Sources */,
				BB633DE220682EF000740E09 /* NewsTableViewCell.swift in Sources */,
				BB7AB0522058744C003CDAED /* VKFriends.swift in Sources */,
			);
			runOnlyForDeploymentPostprocessing = 0;
		};
		BB31CEEE201E2843000AE5D2 /* Sources */ = {
			isa = PBXSourcesBuildPhase;
			buildActionMask = 2147483647;
			files = (
				BB31CEF7201E2843000AE5D2 /* VKAppTests.swift in Sources */,
			);
			runOnlyForDeploymentPostprocessing = 0;
		};
		BB31CEF9201E2844000AE5D2 /* Sources */ = {
			isa = PBXSourcesBuildPhase;
			buildActionMask = 2147483647;
			files = (
				BB31CF02201E2844000AE5D2 /* VKAppUITests.swift in Sources */,
			);
			runOnlyForDeploymentPostprocessing = 0;
		};
/* End PBXSourcesBuildPhase section */

/* Begin PBXTargetDependency section */
		BB31CEF4201E2843000AE5D2 /* PBXTargetDependency */ = {
			isa = PBXTargetDependency;
			target = BB31CEDD201E2843000AE5D2 /* VKApp */;
			targetProxy = BB31CEF3201E2843000AE5D2 /* PBXContainerItemProxy */;
		};
		BB31CEFF201E2844000AE5D2 /* PBXTargetDependency */ = {
			isa = PBXTargetDependency;
			target = BB31CEDD201E2843000AE5D2 /* VKApp */;
			targetProxy = BB31CEFE201E2844000AE5D2 /* PBXContainerItemProxy */;
		};
/* End PBXTargetDependency section */

/* Begin PBXVariantGroup section */
		BB31CEE5201E2843000AE5D2 /* Main.storyboard */ = {
			isa = PBXVariantGroup;
			children = (
				BB31CEE6201E2843000AE5D2 /* Base */,
			);
			name = Main.storyboard;
			sourceTree = "<group>";
		};
		BB31CEEA201E2843000AE5D2 /* LaunchScreen.storyboard */ = {
			isa = PBXVariantGroup;
			children = (
				BB31CEEB201E2843000AE5D2 /* Base */,
			);
			name = LaunchScreen.storyboard;
			sourceTree = "<group>";
		};
/* End PBXVariantGroup section */

/* Begin XCBuildConfiguration section */
		BB31CF04201E2844000AE5D2 /* Debug */ = {
			isa = XCBuildConfiguration;
			buildSettings = {
				ALWAYS_SEARCH_USER_PATHS = NO;
				CLANG_ANALYZER_NONNULL = YES;
				CLANG_ANALYZER_NUMBER_OBJECT_CONVERSION = YES_AGGRESSIVE;
				CLANG_CXX_LANGUAGE_STANDARD = "gnu++14";
				CLANG_CXX_LIBRARY = "libc++";
				CLANG_ENABLE_MODULES = YES;
				CLANG_ENABLE_OBJC_ARC = YES;
				CLANG_WARN_BLOCK_CAPTURE_AUTORELEASING = YES;
				CLANG_WARN_BOOL_CONVERSION = YES;
				CLANG_WARN_COMMA = YES;
				CLANG_WARN_CONSTANT_CONVERSION = YES;
				CLANG_WARN_DEPRECATED_OBJC_IMPLEMENTATIONS = YES;
				CLANG_WARN_DIRECT_OBJC_ISA_USAGE = YES_ERROR;
				CLANG_WARN_DOCUMENTATION_COMMENTS = YES;
				CLANG_WARN_EMPTY_BODY = YES;
				CLANG_WARN_ENUM_CONVERSION = YES;
				CLANG_WARN_INFINITE_RECURSION = YES;
				CLANG_WARN_INT_CONVERSION = YES;
				CLANG_WARN_NON_LITERAL_NULL_CONVERSION = YES;
				CLANG_WARN_OBJC_IMPLICIT_RETAIN_SELF = YES;
				CLANG_WARN_OBJC_LITERAL_CONVERSION = YES;
				CLANG_WARN_OBJC_ROOT_CLASS = YES_ERROR;
				CLANG_WARN_RANGE_LOOP_ANALYSIS = YES;
				CLANG_WARN_STRICT_PROTOTYPES = YES;
				CLANG_WARN_SUSPICIOUS_MOVE = YES;
				CLANG_WARN_UNGUARDED_AVAILABILITY = YES_AGGRESSIVE;
				CLANG_WARN_UNREACHABLE_CODE = YES;
				CLANG_WARN__DUPLICATE_METHOD_MATCH = YES;
				CODE_SIGN_IDENTITY = "iPhone Developer";
				COPY_PHASE_STRIP = NO;
				DEBUG_INFORMATION_FORMAT = dwarf;
				ENABLE_STRICT_OBJC_MSGSEND = YES;
				ENABLE_TESTABILITY = YES;
				GCC_C_LANGUAGE_STANDARD = gnu11;
				GCC_DYNAMIC_NO_PIC = NO;
				GCC_NO_COMMON_BLOCKS = YES;
				GCC_OPTIMIZATION_LEVEL = 0;
				GCC_PREPROCESSOR_DEFINITIONS = (
					"DEBUG=1",
					"$(inherited)",
				);
				GCC_WARN_64_TO_32_BIT_CONVERSION = YES;
				GCC_WARN_ABOUT_RETURN_TYPE = YES_ERROR;
				GCC_WARN_UNDECLARED_SELECTOR = YES;
				GCC_WARN_UNINITIALIZED_AUTOS = YES_AGGRESSIVE;
				GCC_WARN_UNUSED_FUNCTION = YES;
				GCC_WARN_UNUSED_VARIABLE = YES;
				IPHONEOS_DEPLOYMENT_TARGET = 11.2;
				MTL_ENABLE_DEBUG_INFO = YES;
				ONLY_ACTIVE_ARCH = YES;
				SDKROOT = iphoneos;
				SWIFT_ACTIVE_COMPILATION_CONDITIONS = DEBUG;
				SWIFT_OPTIMIZATION_LEVEL = "-Onone";
			};
			name = Debug;
		};
		BB31CF05201E2844000AE5D2 /* Release */ = {
			isa = XCBuildConfiguration;
			buildSettings = {
				ALWAYS_SEARCH_USER_PATHS = NO;
				CLANG_ANALYZER_NONNULL = YES;
				CLANG_ANALYZER_NUMBER_OBJECT_CONVERSION = YES_AGGRESSIVE;
				CLANG_CXX_LANGUAGE_STANDARD = "gnu++14";
				CLANG_CXX_LIBRARY = "libc++";
				CLANG_ENABLE_MODULES = YES;
				CLANG_ENABLE_OBJC_ARC = YES;
				CLANG_WARN_BLOCK_CAPTURE_AUTORELEASING = YES;
				CLANG_WARN_BOOL_CONVERSION = YES;
				CLANG_WARN_COMMA = YES;
				CLANG_WARN_CONSTANT_CONVERSION = YES;
				CLANG_WARN_DEPRECATED_OBJC_IMPLEMENTATIONS = YES;
				CLANG_WARN_DIRECT_OBJC_ISA_USAGE = YES_ERROR;
				CLANG_WARN_DOCUMENTATION_COMMENTS = YES;
				CLANG_WARN_EMPTY_BODY = YES;
				CLANG_WARN_ENUM_CONVERSION = YES;
				CLANG_WARN_INFINITE_RECURSION = YES;
				CLANG_WARN_INT_CONVERSION = YES;
				CLANG_WARN_NON_LITERAL_NULL_CONVERSION = YES;
				CLANG_WARN_OBJC_IMPLICIT_RETAIN_SELF = YES;
				CLANG_WARN_OBJC_LITERAL_CONVERSION = YES;
				CLANG_WARN_OBJC_ROOT_CLASS = YES_ERROR;
				CLANG_WARN_RANGE_LOOP_ANALYSIS = YES;
				CLANG_WARN_STRICT_PROTOTYPES = YES;
				CLANG_WARN_SUSPICIOUS_MOVE = YES;
				CLANG_WARN_UNGUARDED_AVAILABILITY = YES_AGGRESSIVE;
				CLANG_WARN_UNREACHABLE_CODE = YES;
				CLANG_WARN__DUPLICATE_METHOD_MATCH = YES;
				CODE_SIGN_IDENTITY = "iPhone Developer";
				COPY_PHASE_STRIP = NO;
				DEBUG_INFORMATION_FORMAT = "dwarf-with-dsym";
				ENABLE_NS_ASSERTIONS = NO;
				ENABLE_STRICT_OBJC_MSGSEND = YES;
				GCC_C_LANGUAGE_STANDARD = gnu11;
				GCC_NO_COMMON_BLOCKS = YES;
				GCC_WARN_64_TO_32_BIT_CONVERSION = YES;
				GCC_WARN_ABOUT_RETURN_TYPE = YES_ERROR;
				GCC_WARN_UNDECLARED_SELECTOR = YES;
				GCC_WARN_UNINITIALIZED_AUTOS = YES_AGGRESSIVE;
				GCC_WARN_UNUSED_FUNCTION = YES;
				GCC_WARN_UNUSED_VARIABLE = YES;
				IPHONEOS_DEPLOYMENT_TARGET = 11.2;
				MTL_ENABLE_DEBUG_INFO = NO;
				SDKROOT = iphoneos;
				SWIFT_OPTIMIZATION_LEVEL = "-Owholemodule";
				VALIDATE_PRODUCT = YES;
			};
			name = Release;
		};
		BB31CF07201E2844000AE5D2 /* Debug */ = {
			isa = XCBuildConfiguration;
			baseConfigurationReference = FAE2CEDAB6B596DF7D5A12CF /* Pods-VKApp.debug.xcconfig */;
			buildSettings = {
				ALWAYS_EMBED_SWIFT_STANDARD_LIBRARIES = YES;
				ASSETCATALOG_COMPILER_APPICON_NAME = AppIcon;
				CLANG_ENABLE_MODULES = YES;
				CODE_SIGN_ENTITLEMENTS = VKApp/VKApp.entitlements;
				CODE_SIGN_STYLE = Automatic;
				DEVELOPMENT_TEAM = C2N9TJ2C5E;
				INFOPLIST_FILE = VKApp/Configuration/Info.plist;
				IPHONEOS_DEPLOYMENT_TARGET = 10.0;
				LD_RUNPATH_SEARCH_PATHS = "$(inherited) @executable_path/Frameworks";
				PRODUCT_BUNDLE_IDENTIFIER = CJProject.VKApp;
				PRODUCT_NAME = "$(TARGET_NAME)";
				SWIFT_OPTIMIZATION_LEVEL = "-Onone";
				SWIFT_VERSION = 4.2;
				TARGETED_DEVICE_FAMILY = 1;
			};
			name = Debug;
		};
		BB31CF08201E2844000AE5D2 /* Release */ = {
			isa = XCBuildConfiguration;
			baseConfigurationReference = 34B700C6D0B8DBD6E487FAF3 /* Pods-VKApp.release.xcconfig */;
			buildSettings = {
				ALWAYS_EMBED_SWIFT_STANDARD_LIBRARIES = YES;
				ASSETCATALOG_COMPILER_APPICON_NAME = AppIcon;
				CLANG_ENABLE_MODULES = YES;
				CODE_SIGN_ENTITLEMENTS = VKApp/VKApp.entitlements;
				CODE_SIGN_STYLE = Automatic;
				DEVELOPMENT_TEAM = C2N9TJ2C5E;
				INFOPLIST_FILE = VKApp/Configuration/Info.plist;
				IPHONEOS_DEPLOYMENT_TARGET = 10.0;
				LD_RUNPATH_SEARCH_PATHS = "$(inherited) @executable_path/Frameworks";
				PRODUCT_BUNDLE_IDENTIFIER = CJProject.VKApp;
				PRODUCT_NAME = "$(TARGET_NAME)";
				SWIFT_VERSION = 4.2;
				TARGETED_DEVICE_FAMILY = 1;
			};
			name = Release;
		};
		BB31CF0A201E2844000AE5D2 /* Debug */ = {
			isa = XCBuildConfiguration;
			baseConfigurationReference = 4FF52C960FEA9CCE2250A2AB /* Pods-VKAppTests.debug.xcconfig */;
			buildSettings = {
				ALWAYS_EMBED_SWIFT_STANDARD_LIBRARIES = YES;
				BUNDLE_LOADER = "$(TEST_HOST)";
				CODE_SIGN_STYLE = Automatic;
				INFOPLIST_FILE = VKAppTests/Info.plist;
				LD_RUNPATH_SEARCH_PATHS = "$(inherited) @executable_path/Frameworks @loader_path/Frameworks";
				PRODUCT_BUNDLE_IDENTIFIER = CJProject.VKAppTests;
				PRODUCT_NAME = "$(TARGET_NAME)";
				SWIFT_VERSION = 4.2;
				TARGETED_DEVICE_FAMILY = "1,2";
				TEST_HOST = "$(BUILT_PRODUCTS_DIR)/VKApp.app/VKApp";
			};
			name = Debug;
		};
		BB31CF0B201E2844000AE5D2 /* Release */ = {
			isa = XCBuildConfiguration;
			baseConfigurationReference = 72958ED180387CB5531573F7 /* Pods-VKAppTests.release.xcconfig */;
			buildSettings = {
				ALWAYS_EMBED_SWIFT_STANDARD_LIBRARIES = YES;
				BUNDLE_LOADER = "$(TEST_HOST)";
				CODE_SIGN_STYLE = Automatic;
				INFOPLIST_FILE = VKAppTests/Info.plist;
				LD_RUNPATH_SEARCH_PATHS = "$(inherited) @executable_path/Frameworks @loader_path/Frameworks";
				PRODUCT_BUNDLE_IDENTIFIER = CJProject.VKAppTests;
				PRODUCT_NAME = "$(TARGET_NAME)";
				SWIFT_VERSION = 4.2;
				TARGETED_DEVICE_FAMILY = "1,2";
				TEST_HOST = "$(BUILT_PRODUCTS_DIR)/VKApp.app/VKApp";
			};
			name = Release;
		};
		BB31CF0D201E2844000AE5D2 /* Debug */ = {
			isa = XCBuildConfiguration;
			baseConfigurationReference = D81232A1CDBC24F234D382B0 /* Pods-VKAppUITests.debug.xcconfig */;
			buildSettings = {
				ALWAYS_EMBED_SWIFT_STANDARD_LIBRARIES = YES;
				CODE_SIGN_STYLE = Automatic;
				INFOPLIST_FILE = VKAppUITests/Info.plist;
				LD_RUNPATH_SEARCH_PATHS = "$(inherited) @executable_path/Frameworks @loader_path/Frameworks";
				PRODUCT_BUNDLE_IDENTIFIER = CJProject.VKAppUITests;
				PRODUCT_NAME = "$(TARGET_NAME)";
				SWIFT_VERSION = 4.2;
				TARGETED_DEVICE_FAMILY = "1,2";
				TEST_TARGET_NAME = VKApp;
			};
			name = Debug;
		};
		BB31CF0E201E2844000AE5D2 /* Release */ = {
			isa = XCBuildConfiguration;
			baseConfigurationReference = 1E4E18BF57148E4E7C73983D /* Pods-VKAppUITests.release.xcconfig */;
			buildSettings = {
				ALWAYS_EMBED_SWIFT_STANDARD_LIBRARIES = YES;
				CODE_SIGN_STYLE = Automatic;
				INFOPLIST_FILE = VKAppUITests/Info.plist;
				LD_RUNPATH_SEARCH_PATHS = "$(inherited) @executable_path/Frameworks @loader_path/Frameworks";
				PRODUCT_BUNDLE_IDENTIFIER = CJProject.VKAppUITests;
				PRODUCT_NAME = "$(TARGET_NAME)";
				SWIFT_VERSION = 4.2;
				TARGETED_DEVICE_FAMILY = "1,2";
				TEST_TARGET_NAME = VKApp;
			};
			name = Release;
		};
/* End XCBuildConfiguration section */

/* Begin XCConfigurationList section */
		BB31CED9201E2843000AE5D2 /* Build configuration list for PBXProject "VKApp" */ = {
			isa = XCConfigurationList;
			buildConfigurations = (
				BB31CF04201E2844000AE5D2 /* Debug */,
				BB31CF05201E2844000AE5D2 /* Release */,
			);
			defaultConfigurationIsVisible = 0;
			defaultConfigurationName = Release;
		};
		BB31CF06201E2844000AE5D2 /* Build configuration list for PBXNativeTarget "VKApp" */ = {
			isa = XCConfigurationList;
			buildConfigurations = (
				BB31CF07201E2844000AE5D2 /* Debug */,
				BB31CF08201E2844000AE5D2 /* Release */,
			);
			defaultConfigurationIsVisible = 0;
			defaultConfigurationName = Release;
		};
		BB31CF09201E2844000AE5D2 /* Build configuration list for PBXNativeTarget "VKAppTests" */ = {
			isa = XCConfigurationList;
			buildConfigurations = (
				BB31CF0A201E2844000AE5D2 /* Debug */,
				BB31CF0B201E2844000AE5D2 /* Release */,
			);
			defaultConfigurationIsVisible = 0;
			defaultConfigurationName = Release;
		};
		BB31CF0C201E2844000AE5D2 /* Build configuration list for PBXNativeTarget "VKAppUITests" */ = {
			isa = XCConfigurationList;
			buildConfigurations = (
				BB31CF0D201E2844000AE5D2 /* Debug */,
				BB31CF0E201E2844000AE5D2 /* Release */,
			);
			defaultConfigurationIsVisible = 0;
			defaultConfigurationName = Release;
		};
/* End XCConfigurationList section */
	};
	rootObject = BB31CED6201E2843000AE5D2 /* Project object */;
}
